
Microsoft Visual Studio Solution File, Format Version 12.00
# Visual Studio Version 16
VisualStudioVersion = 16.0.33423.256
MinimumVisualStudioVersion = 10.0.40219.1
Project("{9092AA53-FB77-4645-B42D-1CCCA6BD08BD}") = "Maths-inCoding-by-Bun-Vercel", "Maths-inCoding-by-Bun-Vercel.njsproj", "{3DD4CAA5-CB36-4679-A662-1ED1BCA93399}"
EndProject
Global
	GlobalSection(SolutionConfigurationPlatforms) = preSolution
		Debug|Any CPU = Debug|Any CPU
		Release|Any CPU = Release|Any CPU
	EndGlobalSection
	GlobalSection(ProjectConfigurationPlatforms) = postSolution
		{3DD4CAA5-CB36-4679-A662-1ED1BCA93399}.Debug|Any CPU.ActiveCfg = Debug|Any CPU
		{3DD4CAA5-CB36-4679-A662-1ED1BCA93399}.Debug|Any CPU.Build.0 = Debug|Any CPU
		{3DD4CAA5-CB36-4679-A662-1ED1BCA93399}.Release|Any CPU.ActiveCfg = Release|Any CPU
		{3DD4CAA5-CB36-4679-A662-1ED1BCA93399}.Release|Any CPU.Build.0 = Release|Any CPU
	EndGlobalSection
	GlobalSection(SolutionProperties) = preSolution
		HideSolutionNode = FALSE
	EndGlobalSection
	GlobalSection(ExtensibilityGlobals) = postSolution
		SolutionGuid = {AFF5F2C8-8652-445B-9A38-75ADF46312C0}
	EndGlobalSection
EndGlobal
